// !$*UTF8*$!
{
	archiveVersion = 1;
	classes = {
	};
	objectVersion = 48;
	objects = {

/* Begin PBXBuildFile section */
		2E995F122040097D008BD095 /* AppDelegate.swift in Sources */ = {isa = PBXBuildFile; fileRef = 2E995F112040097D008BD095 /* AppDelegate.swift */; };
		2E995F172040097D008BD095 /* Main.storyboard in Resources */ = {isa = PBXBuildFile; fileRef = 2E995F152040097D008BD095 /* Main.storyboard */; };
		2E995F192040097E008BD095 /* Assets.xcassets in Resources */ = {isa = PBXBuildFile; fileRef = 2E995F182040097D008BD095 /* Assets.xcassets */; };
		2E995F1C2040097E008BD095 /* LaunchScreen.storyboard in Resources */ = {isa = PBXBuildFile; fileRef = 2E995F1A2040097E008BD095 /* LaunchScreen.storyboard */; };
		2E995F272040097E008BD095 /* RoverTests.swift in Sources */ = {isa = PBXBuildFile; fileRef = 2E995F262040097E008BD095 /* RoverTests.swift */; };
		2E995F322040097E008BD095 /* RoverUITests.swift in Sources */ = {isa = PBXBuildFile; fileRef = 2E995F312040097E008BD095 /* RoverUITests.swift */; };
		2E995F5220400A11008BD095 /* ControlPresenter.swift in Sources */ = {isa = PBXBuildFile; fileRef = 2E995F4C20400A11008BD095 /* ControlPresenter.swift */; };
		2E995F5320400A11008BD095 /* ControlWorker.swift in Sources */ = {isa = PBXBuildFile; fileRef = 2E995F4D20400A11008BD095 /* ControlWorker.swift */; };
		2E995F5420400A11008BD095 /* ControlRouter.swift in Sources */ = {isa = PBXBuildFile; fileRef = 2E995F4E20400A11008BD095 /* ControlRouter.swift */; };
		2E995F5520400A11008BD095 /* ControlModels.swift in Sources */ = {isa = PBXBuildFile; fileRef = 2E995F4F20400A11008BD095 /* ControlModels.swift */; };
		2E995F5620400A11008BD095 /* ControlViewController.swift in Sources */ = {isa = PBXBuildFile; fileRef = 2E995F5020400A11008BD095 /* ControlViewController.swift */; };
		2E995F5720400A11008BD095 /* ControlInteractor.swift in Sources */ = {isa = PBXBuildFile; fileRef = 2E995F5120400A11008BD095 /* ControlInteractor.swift */; };
/* End PBXBuildFile section */

/* Begin PBXContainerItemProxy section */
		2E995F232040097E008BD095 /* PBXContainerItemProxy */ = {
			isa = PBXContainerItemProxy;
			containerPortal = 2E995F062040097D008BD095 /* Project object */;
			proxyType = 1;
			remoteGlobalIDString = 2E995F0D2040097D008BD095;
			remoteInfo = Rover;
		};
		2E995F2E2040097E008BD095 /* PBXContainerItemProxy */ = {
			isa = PBXContainerItemProxy;
			containerPortal = 2E995F062040097D008BD095 /* Project object */;
			proxyType = 1;
			remoteGlobalIDString = 2E995F0D2040097D008BD095;
			remoteInfo = Rover;
		};
/* End PBXContainerItemProxy section */

/* Begin PBXFileReference section */
		2E995F0E2040097D008BD095 /* Rover.app */ = {isa = PBXFileReference; explicitFileType = wrapper.application; includeInIndex = 0; path = Rover.app; sourceTree = BUILT_PRODUCTS_DIR; };
		2E995F112040097D008BD095 /* AppDelegate.swift */ = {isa = PBXFileReference; lastKnownFileType = sourcecode.swift; path = AppDelegate.swift; sourceTree = "<group>"; };
		2E995F162040097D008BD095 /* Base */ = {isa = PBXFileReference; lastKnownFileType = file.storyboard; name = Base; path = Base.lproj/Main.storyboard; sourceTree = "<group>"; };
		2E995F182040097D008BD095 /* Assets.xcassets */ = {isa = PBXFileReference; lastKnownFileType = folder.assetcatalog; path = Assets.xcassets; sourceTree = "<group>"; };
		2E995F1B2040097E008BD095 /* Base */ = {isa = PBXFileReference; lastKnownFileType = file.storyboard; name = Base; path = Base.lproj/LaunchScreen.storyboard; sourceTree = "<group>"; };
		2E995F1D2040097E008BD095 /* Info.plist */ = {isa = PBXFileReference; lastKnownFileType = text.plist.xml; path = Info.plist; sourceTree = "<group>"; };
		2E995F222040097E008BD095 /* RoverTests.xctest */ = {isa = PBXFileReference; explicitFileType = wrapper.cfbundle; includeInIndex = 0; path = RoverTests.xctest; sourceTree = BUILT_PRODUCTS_DIR; };
		2E995F262040097E008BD095 /* RoverTests.swift */ = {isa = PBXFileReference; lastKnownFileType = sourcecode.swift; path = RoverTests.swift; sourceTree = "<group>"; };
		2E995F282040097E008BD095 /* Info.plist */ = {isa = PBXFileReference; lastKnownFileType = text.plist.xml; path = Info.plist; sourceTree = "<group>"; };
		2E995F2D2040097E008BD095 /* RoverUITests.xctest */ = {isa = PBXFileReference; explicitFileType = wrapper.cfbundle; includeInIndex = 0; path = RoverUITests.xctest; sourceTree = BUILT_PRODUCTS_DIR; };
		2E995F312040097E008BD095 /* RoverUITests.swift */ = {isa = PBXFileReference; lastKnownFileType = sourcecode.swift; path = RoverUITests.swift; sourceTree = "<group>"; };
		2E995F332040097E008BD095 /* Info.plist */ = {isa = PBXFileReference; lastKnownFileType = text.plist.xml; path = Info.plist; sourceTree = "<group>"; };
		2E995F4C20400A11008BD095 /* ControlPresenter.swift */ = {isa = PBXFileReference; lastKnownFileType = sourcecode.swift; path = ControlPresenter.swift; sourceTree = "<group>"; };
		2E995F4D20400A11008BD095 /* ControlWorker.swift */ = {isa = PBXFileReference; lastKnownFileType = sourcecode.swift; path = ControlWorker.swift; sourceTree = "<group>"; };
		2E995F4E20400A11008BD095 /* ControlRouter.swift */ = {isa = PBXFileReference; lastKnownFileType = sourcecode.swift; path = ControlRouter.swift; sourceTree = "<group>"; };
		2E995F4F20400A11008BD095 /* ControlModels.swift */ = {isa = PBXFileReference; lastKnownFileType = sourcecode.swift; path = ControlModels.swift; sourceTree = "<group>"; };
		2E995F5020400A11008BD095 /* ControlViewController.swift */ = {isa = PBXFileReference; lastKnownFileType = sourcecode.swift; path = ControlViewController.swift; sourceTree = "<group>"; };
		2E995F5120400A11008BD095 /* ControlInteractor.swift */ = {isa = PBXFileReference; lastKnownFileType = sourcecode.swift; path = ControlInteractor.swift; sourceTree = "<group>"; };
/* End PBXFileReference section */

/* Begin PBXFrameworksBuildPhase section */
		2E995F0B2040097D008BD095 /* Frameworks */ = {
			isa = PBXFrameworksBuildPhase;
			buildActionMask = 2147483647;
			files = (
			);
			runOnlyForDeploymentPostprocessing = 0;
		};
		2E995F1F2040097E008BD095 /* Frameworks */ = {
			isa = PBXFrameworksBuildPhase;
			buildActionMask = 2147483647;
			files = (
			);
			runOnlyForDeploymentPostprocessing = 0;
		};
		2E995F2A2040097E008BD095 /* Frameworks */ = {
			isa = PBXFrameworksBuildPhase;
			buildActionMask = 2147483647;
			files = (
			);
			runOnlyForDeploymentPostprocessing = 0;
		};
/* End PBXFrameworksBuildPhase section */

/* Begin PBXGroup section */
		2E995F052040097D008BD095 = {
			isa = PBXGroup;
			children = (
				2E995F102040097D008BD095 /* Rover */,
				2E995F252040097E008BD095 /* RoverTests */,
				2E995F302040097E008BD095 /* RoverUITests */,
				2E995F0F2040097D008BD095 /* Products */,
			);
			sourceTree = "<group>";
		};
		2E995F0F2040097D008BD095 /* Products */ = {
			isa = PBXGroup;
			children = (
				2E995F0E2040097D008BD095 /* Rover.app */,
				2E995F222040097E008BD095 /* RoverTests.xctest */,
				2E995F2D2040097E008BD095 /* RoverUITests.xctest */,
			);
			name = Products;
			sourceTree = "<group>";
		};
		2E995F102040097D008BD095 /* Rover */ = {
			isa = PBXGroup;
			children = (
				2E995F152040097D008BD095 /* Main.storyboard */,
				2E995F5820400A1D008BD095 /* Scene */,
				2E995F5920400A33008BD095 /* Resource */,
			);
			path = Rover;
			sourceTree = "<group>";
		};
		2E995F252040097E008BD095 /* RoverTests */ = {
			isa = PBXGroup;
			children = (
				2E995F262040097E008BD095 /* RoverTests.swift */,
				2E995F282040097E008BD095 /* Info.plist */,
			);
			path = RoverTests;
			sourceTree = "<group>";
		};
		2E995F302040097E008BD095 /* RoverUITests */ = {
			isa = PBXGroup;
			children = (
				2E995F312040097E008BD095 /* RoverUITests.swift */,
				2E995F332040097E008BD095 /* Info.plist */,
			);
			path = RoverUITests;
			sourceTree = "<group>";
		};
		2E995F4B204009D1008BD095 /* Controles */ = {
			isa = PBXGroup;
			children = (
				2E995F4C20400A11008BD095 /* ControlPresenter.swift */,
				2E995F4D20400A11008BD095 /* ControlWorker.swift */,
				2E995F4E20400A11008BD095 /* ControlRouter.swift */,
				2E995F4F20400A11008BD095 /* ControlModels.swift */,
				2E995F5020400A11008BD095 /* ControlViewController.swift */,
				2E995F5120400A11008BD095 /* ControlInteractor.swift */,
			);
			path = Controles;
			sourceTree = "<group>";
		};
		2E995F5820400A1D008BD095 /* Scene */ = {
			isa = PBXGroup;
			children = (
				2E995F4B204009D1008BD095 /* Controles */,
			);
			path = Scene;
			sourceTree = "<group>";
		};
		2E995F5920400A33008BD095 /* Resource */ = {
			isa = PBXGroup;
			children = (
				2E995F112040097D008BD095 /* AppDelegate.swift */,
				2E995F182040097D008BD095 /* Assets.xcassets */,
				2E995F1A2040097E008BD095 /* LaunchScreen.storyboard */,
				2E995F1D2040097E008BD095 /* Info.plist */,
			);
			path = Resource;
			sourceTree = "<group>";
		};
/* End PBXGroup section */

/* Begin PBXNativeTarget section */
		2E995F0D2040097D008BD095 /* Rover */ = {
			isa = PBXNativeTarget;
			buildConfigurationList = 2E995F362040097E008BD095 /* Build configuration list for PBXNativeTarget "Rover" */;
			buildPhases = (
				2E995F0A2040097D008BD095 /* Sources */,
				2E995F0B2040097D008BD095 /* Frameworks */,
				2E995F0C2040097D008BD095 /* Resources */,
			);
			buildRules = (
			);
			dependencies = (
			);
			name = Rover;
			productName = Rover;
			productReference = 2E995F0E2040097D008BD095 /* Rover.app */;
			productType = "com.apple.product-type.application";
		};
		2E995F212040097E008BD095 /* RoverTests */ = {
			isa = PBXNativeTarget;
			buildConfigurationList = 2E995F392040097E008BD095 /* Build configuration list for PBXNativeTarget "RoverTests" */;
			buildPhases = (
				2E995F1E2040097E008BD095 /* Sources */,
				2E995F1F2040097E008BD095 /* Frameworks */,
				2E995F202040097E008BD095 /* Resources */,
			);
			buildRules = (
			);
			dependencies = (
				2E995F242040097E008BD095 /* PBXTargetDependency */,
			);
			name = RoverTests;
			productName = RoverTests;
			productReference = 2E995F222040097E008BD095 /* RoverTests.xctest */;
			productType = "com.apple.product-type.bundle.unit-test";
		};
		2E995F2C2040097E008BD095 /* RoverUITests */ = {
			isa = PBXNativeTarget;
			buildConfigurationList = 2E995F3C2040097E008BD095 /* Build configuration list for PBXNativeTarget "RoverUITests" */;
			buildPhases = (
				2E995F292040097E008BD095 /* Sources */,
				2E995F2A2040097E008BD095 /* Frameworks */,
				2E995F2B2040097E008BD095 /* Resources */,
			);
			buildRules = (
			);
			dependencies = (
				2E995F2F2040097E008BD095 /* PBXTargetDependency */,
			);
			name = RoverUITests;
			productName = RoverUITests;
			productReference = 2E995F2D2040097E008BD095 /* RoverUITests.xctest */;
			productType = "com.apple.product-type.bundle.ui-testing";
		};
/* End PBXNativeTarget section */

/* Begin PBXProject section */
		2E995F062040097D008BD095 /* Project object */ = {
			isa = PBXProject;
			attributes = {
				LastSwiftUpdateCheck = 0920;
				LastUpgradeCheck = 0920;
				ORGANIZATIONNAME = "Aratech iOS";
				TargetAttributes = {
					2E995F0D2040097D008BD095 = {
						CreatedOnToolsVersion = 9.2;
						ProvisioningStyle = Automatic;
					};
					2E995F212040097E008BD095 = {
						CreatedOnToolsVersion = 9.2;
						ProvisioningStyle = Automatic;
						TestTargetID = 2E995F0D2040097D008BD095;
					};
					2E995F2C2040097E008BD095 = {
						CreatedOnToolsVersion = 9.2;
						ProvisioningStyle = Automatic;
						TestTargetID = 2E995F0D2040097D008BD095;
					};
				};
			};
			buildConfigurationList = 2E995F092040097D008BD095 /* Build configuration list for PBXProject "Rover" */;
			compatibilityVersion = "Xcode 8.0";
			developmentRegion = en;
			hasScannedForEncodings = 0;
			knownRegions = (
				en,
				Base,
			);
			mainGroup = 2E995F052040097D008BD095;
			productRefGroup = 2E995F0F2040097D008BD095 /* Products */;
			projectDirPath = "";
			projectRoot = "";
			targets = (
				2E995F0D2040097D008BD095 /* Rover */,
				2E995F212040097E008BD095 /* RoverTests */,
				2E995F2C2040097E008BD095 /* RoverUITests */,
			);
		};
/* End PBXProject section */

/* Begin PBXResourcesBuildPhase section */
		2E995F0C2040097D008BD095 /* Resources */ = {
			isa = PBXResourcesBuildPhase;
			buildActionMask = 2147483647;
			files = (
				2E995F1C2040097E008BD095 /* LaunchScreen.storyboard in Resources */,
				2E995F192040097E008BD095 /* Assets.xcassets in Resources */,
				2E995F172040097D008BD095 /* Main.storyboard in Resources */,
			);
			runOnlyForDeploymentPostprocessing = 0;
		};
		2E995F202040097E008BD095 /* Resources */ = {
			isa = PBXResourcesBuildPhase;
			buildActionMask = 2147483647;
			files = (
			);
			runOnlyForDeploymentPostprocessing = 0;
		};
		2E995F2B2040097E008BD095 /* Resources */ = {
			isa = PBXResourcesBuildPhase;
			buildActionMask = 2147483647;
			files = (
			);
			runOnlyForDeploymentPostprocessing = 0;
		};
/* End PBXResourcesBuildPhase section */

/* Begin PBXSourcesBuildPhase section */
		2E995F0A2040097D008BD095 /* Sources */ = {
			isa = PBXSourcesBuildPhase;
			buildActionMask = 2147483647;
			files = (
				2E995F5420400A11008BD095 /* ControlRouter.swift in Sources */,
				2E995F5320400A11008BD095 /* ControlWorker.swift in Sources */,
				2E995F5520400A11008BD095 /* ControlModels.swift in Sources */,
				2E995F122040097D008BD095 /* AppDelegate.swift in Sources */,
				2E995F5220400A11008BD095 /* ControlPresenter.swift in Sources */,
				2E995F5720400A11008BD095 /* ControlInteractor.swift in Sources */,
				2E995F5620400A11008BD095 /* ControlViewController.swift in Sources */,
			);
			runOnlyForDeploymentPostprocessing = 0;
		};
		2E995F1E2040097E008BD095 /* Sources */ = {
			isa = PBXSourcesBuildPhase;
			buildActionMask = 2147483647;
			files = (
				2E995F272040097E008BD095 /* RoverTests.swift in Sources */,
			);
			runOnlyForDeploymentPostprocessing = 0;
		};
		2E995F292040097E008BD095 /* Sources */ = {
			isa = PBXSourcesBuildPhase;
			buildActionMask = 2147483647;
			files = (
				2E995F322040097E008BD095 /* RoverUITests.swift in Sources */,
			);
			runOnlyForDeploymentPostprocessing = 0;
		};
/* End PBXSourcesBuildPhase section */

/* Begin PBXTargetDependency section */
		2E995F242040097E008BD095 /* PBXTargetDependency */ = {
			isa = PBXTargetDependency;
			target = 2E995F0D2040097D008BD095 /* Rover */;
			targetProxy = 2E995F232040097E008BD095 /* PBXContainerItemProxy */;
		};
		2E995F2F2040097E008BD095 /* PBXTargetDependency */ = {
			isa = PBXTargetDependency;
			target = 2E995F0D2040097D008BD095 /* Rover */;
			targetProxy = 2E995F2E2040097E008BD095 /* PBXContainerItemProxy */;
		};
/* End PBXTargetDependency section */

/* Begin PBXVariantGroup section */
		2E995F152040097D008BD095 /* Main.storyboard */ = {
			isa = PBXVariantGroup;
			children = (
				2E995F162040097D008BD095 /* Base */,
			);
			name = Main.storyboard;
			sourceTree = "<group>";
		};
		2E995F1A2040097E008BD095 /* LaunchScreen.storyboard */ = {
			isa = PBXVariantGroup;
			children = (
				2E995F1B2040097E008BD095 /* Base */,
			);
			name = LaunchScreen.storyboard;
			sourceTree = "<group>";
		};
/* End PBXVariantGroup section */

/* Begin XCBuildConfiguration section */
		2E995F342040097E008BD095 /* Debug */ = {
			isa = XCBuildConfiguration;
			buildSettings = {
				ALWAYS_SEARCH_USER_PATHS = NO;
				CLANG_ANALYZER_NONNULL = YES;
				CLANG_ANALYZER_NUMBER_OBJECT_CONVERSION = YES_AGGRESSIVE;
				CLANG_CXX_LANGUAGE_STANDARD = "gnu++14";
				CLANG_CXX_LIBRARY = "libc++";
				CLANG_ENABLE_MODULES = YES;
				CLANG_ENABLE_OBJC_ARC = YES;
				CLANG_WARN_BLOCK_CAPTURE_AUTORELEASING = YES;
				CLANG_WARN_BOOL_CONVERSION = YES;
				CLANG_WARN_COMMA = YES;
				CLANG_WARN_CONSTANT_CONVERSION = YES;
				CLANG_WARN_DIRECT_OBJC_ISA_USAGE = YES_ERROR;
				CLANG_WARN_DOCUMENTATION_COMMENTS = YES;
				CLANG_WARN_EMPTY_BODY = YES;
				CLANG_WARN_ENUM_CONVERSION = YES;
				CLANG_WARN_INFINITE_RECURSION = YES;
				CLANG_WARN_INT_CONVERSION = YES;
				CLANG_WARN_NON_LITERAL_NULL_CONVERSION = YES;
				CLANG_WARN_OBJC_LITERAL_CONVERSION = YES;
				CLANG_WARN_OBJC_ROOT_CLASS = YES_ERROR;
				CLANG_WARN_RANGE_LOOP_ANALYSIS = YES;
				CLANG_WARN_STRICT_PROTOTYPES = YES;
				CLANG_WARN_SUSPICIOUS_MOVE = YES;
				CLANG_WARN_UNGUARDED_AVAILABILITY = YES_AGGRESSIVE;
				CLANG_WARN_UNREACHABLE_CODE = YES;
				CLANG_WARN__DUPLICATE_METHOD_MATCH = YES;
				CODE_SIGN_IDENTITY = "iPhone Developer";
				COPY_PHASE_STRIP = NO;
				DEBUG_INFORMATION_FORMAT = dwarf;
				ENABLE_STRICT_OBJC_MSGSEND = YES;
				ENABLE_TESTABILITY = YES;
				GCC_C_LANGUAGE_STANDARD = gnu11;
				GCC_DYNAMIC_NO_PIC = NO;
				GCC_NO_COMMON_BLOCKS = YES;
				GCC_OPTIMIZATION_LEVEL = 0;
				GCC_PREPROCESSOR_DEFINITIONS = (
					"DEBUG=1",
					"$(inherited)",
				);
				GCC_WARN_64_TO_32_BIT_CONVERSION = YES;
				GCC_WARN_ABOUT_RETURN_TYPE = YES_ERROR;
				GCC_WARN_UNDECLARED_SELECTOR = YES;
				GCC_WARN_UNINITIALIZED_AUTOS = YES_AGGRESSIVE;
				GCC_WARN_UNUSED_FUNCTION = YES;
				GCC_WARN_UNUSED_VARIABLE = YES;
				IPHONEOS_DEPLOYMENT_TARGET = 11.2;
				MTL_ENABLE_DEBUG_INFO = YES;
				ONLY_ACTIVE_ARCH = YES;
				SDKROOT = iphoneos;
				SWIFT_ACTIVE_COMPILATION_CONDITIONS = DEBUG;
				SWIFT_OPTIMIZATION_LEVEL = "-Onone";
			};
			name = Debug;
		};
		2E995F352040097E008BD095 /* Release */ = {
			isa = XCBuildConfiguration;
			buildSettings = {
				ALWAYS_SEARCH_USER_PATHS = NO;
				CLANG_ANALYZER_NONNULL = YES;
				CLANG_ANALYZER_NUMBER_OBJECT_CONVERSION = YES_AGGRESSIVE;
				CLANG_CXX_LANGUAGE_STANDARD = "gnu++14";
				CLANG_CXX_LIBRARY = "libc++";
				CLANG_ENABLE_MODULES = YES;
				CLANG_ENABLE_OBJC_ARC = YES;
				CLANG_WARN_BLOCK_CAPTURE_AUTORELEASING = YES;
				CLANG_WARN_BOOL_CONVERSION = YES;
				CLANG_WARN_COMMA = YES;
				CLANG_WARN_CONSTANT_CONVERSION = YES;
				CLANG_WARN_DIRECT_OBJC_ISA_USAGE = YES_ERROR;
				CLANG_WARN_DOCUMENTATION_COMMENTS = YES;
				CLANG_WARN_EMPTY_BODY = YES;
				CLANG_WARN_ENUM_CONVERSION = YES;
				CLANG_WARN_INFINITE_RECURSION = YES;
				CLANG_WARN_INT_CONVERSION = YES;
				CLANG_WARN_NON_LITERAL_NULL_CONVERSION = YES;
				CLANG_WARN_OBJC_LITERAL_CONVERSION = YES;
				CLANG_WARN_OBJC_ROOT_CLASS = YES_ERROR;
				CLANG_WARN_RANGE_LOOP_ANALYSIS = YES;
				CLANG_WARN_STRICT_PROTOTYPES = YES;
				CLANG_WARN_SUSPICIOUS_MOVE = YES;
				CLANG_WARN_UNGUARDED_AVAILABILITY = YES_AGGRESSIVE;
				CLANG_WARN_UNREACHABLE_CODE = YES;
				CLANG_WARN__DUPLICATE_METHOD_MATCH = YES;
				CODE_SIGN_IDENTITY = "iPhone Developer";
				COPY_PHASE_STRIP = NO;
				DEBUG_INFORMATION_FORMAT = "dwarf-with-dsym";
				ENABLE_NS_ASSERTIONS = NO;
				ENABLE_STRICT_OBJC_MSGSEND = YES;
				GCC_C_LANGUAGE_STANDARD = gnu11;
				GCC_NO_COMMON_BLOCKS = YES;
				GCC_WARN_64_TO_32_BIT_CONVERSION = YES;
				GCC_WARN_ABOUT_RETURN_TYPE = YES_ERROR;
				GCC_WARN_UNDECLARED_SELECTOR = YES;
				GCC_WARN_UNINITIALIZED_AUTOS = YES_AGGRESSIVE;
				GCC_WARN_UNUSED_FUNCTION = YES;
				GCC_WARN_UNUSED_VARIABLE = YES;
				IPHONEOS_DEPLOYMENT_TARGET = 11.2;
				MTL_ENABLE_DEBUG_INFO = NO;
				SDKROOT = iphoneos;
				SWIFT_OPTIMIZATION_LEVEL = "-Owholemodule";
				VALIDATE_PRODUCT = YES;
			};
			name = Release;
		};
		2E995F372040097E008BD095 /* Debug */ = {
			isa = XCBuildConfiguration;
			buildSettings = {
				ASSETCATALOG_COMPILER_APPICON_NAME = AppIcon;
				CODE_SIGN_STYLE = Automatic;
				INFOPLIST_FILE = Rover/Info.plist;
				LD_RUNPATH_SEARCH_PATHS = "$(inherited) @executable_path/Frameworks";
				PRODUCT_BUNDLE_IDENTIFIER = b.Rover;
				PRODUCT_NAME = "$(TARGET_NAME)";
				SWIFT_VERSION = 4.0;
				TARGETED_DEVICE_FAMILY = "1,2";
			};
			name = Debug;
		};
		2E995F382040097E008BD095 /* Release */ = {
			isa = XCBuildConfiguration;
			buildSettings = {
				ASSETCATALOG_COMPILER_APPICON_NAME = AppIcon;
				CODE_SIGN_STYLE = Automatic;
				INFOPLIST_FILE = Rover/Info.plist;
				LD_RUNPATH_SEARCH_PATHS = "$(inherited) @executable_path/Frameworks";
				PRODUCT_BUNDLE_IDENTIFIER = b.Rover;
				PRODUCT_NAME = "$(TARGET_NAME)";
				SWIFT_VERSION = 4.0;
				TARGETED_DEVICE_FAMILY = "1,2";
			};
			name = Release;
		};
		2E995F3A2040097E008BD095 /* Debug */ = {
			isa = XCBuildConfiguration;
			buildSettings = {
				ALWAYS_EMBED_SWIFT_STANDARD_LIBRARIES = YES;
				BUNDLE_LOADER = "$(TEST_HOST)";
				CODE_SIGN_STYLE = Automatic;
				INFOPLIST_FILE = RoverTests/Info.plist;
				LD_RUNPATH_SEARCH_PATHS = "$(inherited) @executable_path/Frameworks @loader_path/Frameworks";
				PRODUCT_BUNDLE_IDENTIFIER = b.RoverTests;
				PRODUCT_NAME = "$(TARGET_NAME)";
				SWIFT_VERSION = 4.0;
				TARGETED_DEVICE_FAMILY = "1,2";
				TEST_HOST = "$(BUILT_PRODUCTS_DIR)/Rover.app/Rover";
			};
			name = Debug;
		};
		2E995F3B2040097E008BD095 /* Release */ = {
			isa = XCBuildConfiguration;
			buildSettings = {
				ALWAYS_EMBED_SWIFT_STANDARD_LIBRARIES = YES;
				BUNDLE_LOADER = "$(TEST_HOST)";
				CODE_SIGN_STYLE = Automatic;
				INFOPLIST_FILE = RoverTests/Info.plist;
				LD_RUNPATH_SEARCH_PATHS = "$(inherited) @executable_path/Frameworks @loader_path/Frameworks";
				PRODUCT_BUNDLE_IDENTIFIER = b.RoverTests;
				PRODUCT_NAME = "$(TARGET_NAME)";
				SWIFT_VERSION = 4.0;
				TARGETED_DEVICE_FAMILY = "1,2";
				TEST_HOST = "$(BUILT_PRODUCTS_DIR)/Rover.app/Rover";
			};
			name = Release;
		};
		2E995F3D2040097E008BD095 /* Debug */ = {
			isa = XCBuildConfiguration;
			buildSettings = {
				ALWAYS_EMBED_SWIFT_STANDARD_LIBRARIES = YES;
				CODE_SIGN_STYLE = Automatic;
				INFOPLIST_FILE = RoverUITests/Info.plist;
				LD_RUNPATH_SEARCH_PATHS = "$(inherited) @executable_path/Frameworks @loader_path/Frameworks";
				PRODUCT_BUNDLE_IDENTIFIER = b.RoverUITests;
				PRODUCT_NAME = "$(TARGET_NAME)";
				SWIFT_VERSION = 4.0;
				TARGETED_DEVICE_FAMILY = "1,2";
				TEST_TARGET_NAME = Rover;
			};
			name = Debug;
		};
		2E995F3E2040097E008BD095 /* Release */ = {
			isa = XCBuildConfiguration;
			buildSettings = {
				ALWAYS_EMBED_SWIFT_STANDARD_LIBRARIES = YES;
				CODE_SIGN_STYLE = Automatic;
				INFOPLIST_FILE = RoverUITests/Info.plist;
				LD_RUNPATH_SEARCH_PATHS = "$(inherited) @executable_path/Frameworks @loader_path/Frameworks";
				PRODUCT_BUNDLE_IDENTIFIER = b.RoverUITests;
				PRODUCT_NAME = "$(TARGET_NAME)";
				SWIFT_VERSION = 4.0;
				TARGETED_DEVICE_FAMILY = "1,2";
				TEST_TARGET_NAME = Rover;
			};
			name = Release;
		};
/* End XCBuildConfiguration section */

/* Begin XCConfigurationList section */
		2E995F092040097D008BD095 /* Build configuration list for PBXProject "Rover" */ = {
			isa = XCConfigurationList;
			buildConfigurations = (
				2E995F342040097E008BD095 /* Debug */,
				2E995F352040097E008BD095 /* Release */,
			);
			defaultConfigurationIsVisible = 0;
			defaultConfigurationName = Release;
		};
		2E995F362040097E008BD095 /* Build configuration list for PBXNativeTarget "Rover" */ = {
			isa = XCConfigurationList;
			buildConfigurations = (
				2E995F372040097E008BD095 /* Debug */,
				2E995F382040097E008BD095 /* Release */,
			);
			defaultConfigurationIsVisible = 0;
			defaultConfigurationName = Release;
		};
		2E995F392040097E008BD095 /* Build configuration list for PBXNativeTarget "RoverTests" */ = {
			isa = XCConfigurationList;
			buildConfigurations = (
				2E995F3A2040097E008BD095 /* Debug */,
				2E995F3B2040097E008BD095 /* Release */,
			);
			defaultConfigurationIsVisible = 0;
			defaultConfigurationName = Release;
		};
		2E995F3C2040097E008BD095 /* Build configuration list for PBXNativeTarget "RoverUITests" */ = {
			isa = XCConfigurationList;
			buildConfigurations = (
				2E995F3D2040097E008BD095 /* Debug */,
				2E995F3E2040097E008BD095 /* Release */,
			);
			defaultConfigurationIsVisible = 0;
			defaultConfigurationName = Release;
		};
/* End XCConfigurationList section */
	};
	rootObject = 2E995F062040097D008BD095 /* Project object */;
}
